
Microsoft Visual Studio Solution File, Format Version 12.00
# Visual Studio 15
VisualStudioVersion = 15.0.27004.2005
MinimumVisualStudioVersion = 10.0.40219.1
Project("{FAE04EC0-301F-11D3-BF4B-00C04F79EFBC}") = "Admin Remote Connect", "Admin Remote Connect\Admin Remote Connect.csproj", "{0250182E-23A8-4FB4-8301-D01C642F57B8}"
EndProject
Global
	GlobalSection(SolutionConfigurationPlatforms) = preSolution
		Debug|Any CPU = Debug|Any CPU
		Release|Any CPU = Release|Any CPU
	EndGlobalSection
	GlobalSection(ProjectConfigurationPlatforms) = postSolution
		{0250182E-23A8-4FB4-8301-D01C642F57B8}.Debug|Any CPU.ActiveCfg = Debug|Any CPU
		{0250182E-23A8-4FB4-8301-D01C642F57B8}.Debug|Any CPU.Build.0 = Debug|Any CPU
		{0250182E-23A8-4FB4-8301-D01C642F57B8}.Release|Any CPU.ActiveCfg = Release|Any CPU
		{0250182E-23A8-4FB4-8301-D01C642F57B8}.Release|Any CPU.Build.0 = Release|Any CPU
	EndGlobalSection
	GlobalSection(SolutionProperties) = preSolution
		HideSolutionNode = FALSE
	EndGlobalSection
	GlobalSection(ExtensibilityGlobals) = postSolution
		SolutionGuid = {6A3FBC57-F8E9-45E0-BA5C-5C5851FC5760}
	EndGlobalSection
EndGlobal
