
Microsoft Visual Studio Solution File, Format Version 12.00
# Visual Studio 15
VisualStudioVersion = 15.0.27004.2005
MinimumVisualStudioVersion = 10.0.40219.1
Project("{FAE04EC0-301F-11D3-BF4B-00C04F79EFBC}") = "SnakeServer", "SnakeServer\SnakeServer.csproj", "{787677EE-26E6-42F4-9119-EF8908412B2F}"
EndProject
Global
	GlobalSection(SolutionConfigurationPlatforms) = preSolution
		Debug|Any CPU = Debug|Any CPU
		Release|Any CPU = Release|Any CPU
	EndGlobalSection
	GlobalSection(ProjectConfigurationPlatforms) = postSolution
		{787677EE-26E6-42F4-9119-EF8908412B2F}.Debug|Any CPU.ActiveCfg = Debug|Any CPU
		{787677EE-26E6-42F4-9119-EF8908412B2F}.Debug|Any CPU.Build.0 = Debug|Any CPU
		{787677EE-26E6-42F4-9119-EF8908412B2F}.Release|Any CPU.ActiveCfg = Release|Any CPU
		{787677EE-26E6-42F4-9119-EF8908412B2F}.Release|Any CPU.Build.0 = Release|Any CPU
	EndGlobalSection
	GlobalSection(SolutionProperties) = preSolution
		HideSolutionNode = FALSE
	EndGlobalSection
	GlobalSection(ExtensibilityGlobals) = postSolution
		SolutionGuid = {7D0F60E2-DA9A-4389-8DD0-FAB05AF2FB86}
	EndGlobalSection
EndGlobal
